
Microsoft Visual Studio Solution File, Format Version 12.00
# Visual Studio Version 16
VisualStudioVersion = 16.0.31005.135
MinimumVisualStudioVersion = 10.0.40219.1
Project("{FAE04EC0-301F-11D3-BF4B-00C04F79EFBC}") = "OOP_A", "OOP_A\OOP_A.csproj", "{B1E95DA7-5272-4A71-B2FD-269482ECF515}"
EndProject
Global
	GlobalSection(SolutionConfigurationPlatforms) = preSolution
		Debug|Any CPU = Debug|Any CPU
		Release|Any CPU = Release|Any CPU
	EndGlobalSection
	GlobalSection(ProjectConfigurationPlatforms) = postSolution
		{B1E95DA7-5272-4A71-B2FD-269482ECF515}.Debug|Any CPU.ActiveCfg = Debug|Any CPU
		{B1E95DA7-5272-4A71-B2FD-269482ECF515}.Debug|Any CPU.Build.0 = Debug|Any CPU
		{B1E95DA7-5272-4A71-B2FD-269482ECF515}.Release|Any CPU.ActiveCfg = Release|Any CPU
		{B1E95DA7-5272-4A71-B2FD-269482ECF515}.Release|Any CPU.Build.0 = Release|Any CPU
	EndGlobalSection
	GlobalSection(SolutionProperties) = preSolution
		HideSolutionNode = FALSE
	EndGlobalSection
	GlobalSection(ExtensibilityGlobals) = postSolution
		SolutionGuid = {24BF9218-CD17-4850-A99E-C22C8B7254AC}
	EndGlobalSection
EndGlobal
